
Microsoft Visual Studio Solution File, Format Version 12.00
# Visual Studio 15
VisualStudioVersion = 15.0.27703.2035
MinimumVisualStudioVersion = 10.0.40219.1
Project("{9A19103F-16F7-4668-BE54-9A1E7A4F7556}") = "SciChart.Xamarin.Views", "SciChart.Xamarin.Views\SciChart.Xamarin.Views.csproj", "{BB9C0929-F674-408E-9A1A-C58334248E7A}"
EndProject
Project("{FAE04EC0-301F-11D3-BF4B-00C04F79EFBC}") = "SciChart.Xamarin.IOS.Renderer", "SciChart.Xamarin.IOS.Renderer\SciChart.Xamarin.IOS.Renderer.csproj", "{E71F3053-056C-4381-9638-048ED73BDFF6}"
EndProject
Project("{FAE04EC0-301F-11D3-BF4B-00C04F79EFBC}") = "SciChart.Xamarin.Android.Renderer", "SciChart.Xamarin.Android.Renderer\SciChart.Xamarin.Android.Renderer.csproj", "{D2A19AFC-8645-4F5D-8663-824AB4F5FBA4}"
EndProject
Project("{FAE04EC0-301F-11D3-BF4B-00C04F79EFBC}") = "SciChart.Xamarin.Wpf.Renderer", "SciChart.Xamarin.Wpf.Renderer\SciChart.Xamarin.Wpf.Renderer.csproj", "{4F625DEB-8AA0-4E22-89EF-3AAC870DE966}"
EndProject
Project("{9A19103F-16F7-4668-BE54-9A1E7A4F7556}") = "TestApp.UI", "TestApp.UI\TestApp.UI\TestApp.UI.csproj", "{14446983-6098-4D21-8747-8C566B1C2D36}"
EndProject
Project("{FAE04EC0-301F-11D3-BF4B-00C04F79EFBC}") = "TestApp.UI.Android", "TestApp.UI\TestApp.UI.Android\TestApp.UI.Android.csproj", "{8F5AE278-67F5-4053-AFAC-4A4711A092D2}"
EndProject
Project("{FAE04EC0-301F-11D3-BF4B-00C04F79EFBC}") = "TestApp.UI.iOS", "TestApp.UI\TestApp.UI.iOS\TestApp.UI.iOS.csproj", "{4AE959FF-877B-4C02-B014-0F137A05CC8F}"
EndProject
Project("{FAE04EC0-301F-11D3-BF4B-00C04F79EFBC}") = "TestApp.UI.Wpf", "TestApp.UI\TestApp.UI.Wpf\TestApp.UI.Wpf.csproj", "{C66A5519-9493-4B2B-A20C-8E41E29C852B}"
EndProject
Project("{2150E333-8FDC-42A3-9474-1A3956D46DE8}") = "TestApp", "TestApp", "{F65B612A-CDFE-497D-BF25-59C0F411A499}"
EndProject
Project("{2150E333-8FDC-42A3-9474-1A3956D46DE8}") = "SciChart Wrapper", "SciChart Wrapper", "{5A3A84E0-8C34-451D-8ECE-8DEBDE47EA7B}"
EndProject
Global
	GlobalSection(SolutionConfigurationPlatforms) = preSolution
		Ad-Hoc|Any CPU = Ad-Hoc|Any CPU
		Ad-Hoc|iPhone = Ad-Hoc|iPhone
		Ad-Hoc|iPhoneSimulator = Ad-Hoc|iPhoneSimulator
		AppStore|Any CPU = AppStore|Any CPU
		AppStore|iPhone = AppStore|iPhone
		AppStore|iPhoneSimulator = AppStore|iPhoneSimulator
		Debug|Any CPU = Debug|Any CPU
		Debug|iPhone = Debug|iPhone
		Debug|iPhoneSimulator = Debug|iPhoneSimulator
		Release|Any CPU = Release|Any CPU
		Release|iPhone = Release|iPhone
		Release|iPhoneSimulator = Release|iPhoneSimulator
	EndGlobalSection
	GlobalSection(ProjectConfigurationPlatforms) = postSolution
		{BB9C0929-F674-408E-9A1A-C58334248E7A}.Ad-Hoc|Any CPU.ActiveCfg = Debug|Any CPU
		{BB9C0929-F674-408E-9A1A-C58334248E7A}.Ad-Hoc|Any CPU.Build.0 = Debug|Any CPU
		{BB9C0929-F674-408E-9A1A-C58334248E7A}.Ad-Hoc|iPhone.ActiveCfg = Debug|Any CPU
		{BB9C0929-F674-408E-9A1A-C58334248E7A}.Ad-Hoc|iPhone.Build.0 = Debug|Any CPU
		{BB9C0929-F674-408E-9A1A-C58334248E7A}.Ad-Hoc|iPhoneSimulator.ActiveCfg = Debug|Any CPU
		{BB9C0929-F674-408E-9A1A-C58334248E7A}.Ad-Hoc|iPhoneSimulator.Build.0 = Debug|Any CPU
		{BB9C0929-F674-408E-9A1A-C58334248E7A}.AppStore|Any CPU.ActiveCfg = Debug|Any CPU
		{BB9C0929-F674-408E-9A1A-C58334248E7A}.AppStore|Any CPU.Build.0 = Debug|Any CPU
		{BB9C0929-F674-408E-9A1A-C58334248E7A}.AppStore|iPhone.ActiveCfg = Debug|Any CPU
		{BB9C0929-F674-408E-9A1A-C58334248E7A}.AppStore|iPhone.Build.0 = Debug|Any CPU
		{BB9C0929-F674-408E-9A1A-C58334248E7A}.AppStore|iPhoneSimulator.ActiveCfg = Debug|Any CPU
		{BB9C0929-F674-408E-9A1A-C58334248E7A}.AppStore|iPhoneSimulator.Build.0 = Debug|Any CPU
		{BB9C0929-F674-408E-9A1A-C58334248E7A}.Debug|Any CPU.ActiveCfg = Debug|Any CPU
		{BB9C0929-F674-408E-9A1A-C58334248E7A}.Debug|Any CPU.Build.0 = Debug|Any CPU
		{BB9C0929-F674-408E-9A1A-C58334248E7A}.Debug|iPhone.ActiveCfg = Debug|Any CPU
		{BB9C0929-F674-408E-9A1A-C58334248E7A}.Debug|iPhone.Build.0 = Debug|Any CPU
		{BB9C0929-F674-408E-9A1A-C58334248E7A}.Debug|iPhoneSimulator.ActiveCfg = Debug|Any CPU
		{BB9C0929-F674-408E-9A1A-C58334248E7A}.Debug|iPhoneSimulator.Build.0 = Debug|Any CPU
		{BB9C0929-F674-408E-9A1A-C58334248E7A}.Release|Any CPU.ActiveCfg = Release|Any CPU
		{BB9C0929-F674-408E-9A1A-C58334248E7A}.Release|Any CPU.Build.0 = Release|Any CPU
		{BB9C0929-F674-408E-9A1A-C58334248E7A}.Release|iPhone.ActiveCfg = Release|Any CPU
		{BB9C0929-F674-408E-9A1A-C58334248E7A}.Release|iPhone.Build.0 = Release|Any CPU
		{BB9C0929-F674-408E-9A1A-C58334248E7A}.Release|iPhoneSimulator.ActiveCfg = Release|Any CPU
		{BB9C0929-F674-408E-9A1A-C58334248E7A}.Release|iPhoneSimulator.Build.0 = Release|Any CPU
		{E71F3053-056C-4381-9638-048ED73BDFF6}.Ad-Hoc|Any CPU.ActiveCfg = Release|Any CPU
		{E71F3053-056C-4381-9638-048ED73BDFF6}.Ad-Hoc|Any CPU.Build.0 = Release|Any CPU
		{E71F3053-056C-4381-9638-048ED73BDFF6}.Ad-Hoc|iPhone.ActiveCfg = Release|Any CPU
		{E71F3053-056C-4381-9638-048ED73BDFF6}.Ad-Hoc|iPhone.Build.0 = Release|Any CPU
		{E71F3053-056C-4381-9638-048ED73BDFF6}.Ad-Hoc|iPhoneSimulator.ActiveCfg = Release|Any CPU
		{E71F3053-056C-4381-9638-048ED73BDFF6}.Ad-Hoc|iPhoneSimulator.Build.0 = Release|Any CPU
		{E71F3053-056C-4381-9638-048ED73BDFF6}.AppStore|Any CPU.ActiveCfg = Release|Any CPU
		{E71F3053-056C-4381-9638-048ED73BDFF6}.AppStore|Any CPU.Build.0 = Release|Any CPU
		{E71F3053-056C-4381-9638-048ED73BDFF6}.AppStore|iPhone.ActiveCfg = Release|Any CPU
		{E71F3053-056C-4381-9638-048ED73BDFF6}.AppStore|iPhone.Build.0 = Release|Any CPU
		{E71F3053-056C-4381-9638-048ED73BDFF6}.AppStore|iPhoneSimulator.ActiveCfg = Release|Any CPU
		{E71F3053-056C-4381-9638-048ED73BDFF6}.AppStore|iPhoneSimulator.Build.0 = Release|Any CPU
		{E71F3053-056C-4381-9638-048ED73BDFF6}.Debug|Any CPU.ActiveCfg = Debug|Any CPU
		{E71F3053-056C-4381-9638-048ED73BDFF6}.Debug|Any CPU.Build.0 = Debug|Any CPU
		{E71F3053-056C-4381-9638-048ED73BDFF6}.Debug|iPhone.ActiveCfg = Debug|Any CPU
		{E71F3053-056C-4381-9638-048ED73BDFF6}.Debug|iPhone.Build.0 = Debug|Any CPU
		{E71F3053-056C-4381-9638-048ED73BDFF6}.Debug|iPhoneSimulator.ActiveCfg = Debug|Any CPU
		{E71F3053-056C-4381-9638-048ED73BDFF6}.Debug|iPhoneSimulator.Build.0 = Debug|Any CPU
		{E71F3053-056C-4381-9638-048ED73BDFF6}.Release|Any CPU.ActiveCfg = Release|Any CPU
		{E71F3053-056C-4381-9638-048ED73BDFF6}.Release|Any CPU.Build.0 = Release|Any CPU
		{E71F3053-056C-4381-9638-048ED73BDFF6}.Release|iPhone.ActiveCfg = Release|Any CPU
		{E71F3053-056C-4381-9638-048ED73BDFF6}.Release|iPhone.Build.0 = Release|Any CPU
		{E71F3053-056C-4381-9638-048ED73BDFF6}.Release|iPhoneSimulator.ActiveCfg = Release|Any CPU
		{E71F3053-056C-4381-9638-048ED73BDFF6}.Release|iPhoneSimulator.Build.0 = Release|Any CPU
		{D2A19AFC-8645-4F5D-8663-824AB4F5FBA4}.Ad-Hoc|Any CPU.ActiveCfg = Release|Any CPU
		{D2A19AFC-8645-4F5D-8663-824AB4F5FBA4}.Ad-Hoc|Any CPU.Build.0 = Release|Any CPU
		{D2A19AFC-8645-4F5D-8663-824AB4F5FBA4}.Ad-Hoc|iPhone.ActiveCfg = Release|Any CPU
		{D2A19AFC-8645-4F5D-8663-824AB4F5FBA4}.Ad-Hoc|iPhone.Build.0 = Release|Any CPU
		{D2A19AFC-8645-4F5D-8663-824AB4F5FBA4}.Ad-Hoc|iPhoneSimulator.ActiveCfg = Release|Any CPU
		{D2A19AFC-8645-4F5D-8663-824AB4F5FBA4}.Ad-Hoc|iPhoneSimulator.Build.0 = Release|Any CPU
		{D2A19AFC-8645-4F5D-8663-824AB4F5FBA4}.AppStore|Any CPU.ActiveCfg = Release|Any CPU
		{D2A19AFC-8645-4F5D-8663-824AB4F5FBA4}.AppStore|Any CPU.Build.0 = Release|Any CPU
		{D2A19AFC-8645-4F5D-8663-824AB4F5FBA4}.AppStore|iPhone.ActiveCfg = Release|Any CPU
		{D2A19AFC-8645-4F5D-8663-824AB4F5FBA4}.AppStore|iPhone.Build.0 = Release|Any CPU
		{D2A19AFC-8645-4F5D-8663-824AB4F5FBA4}.AppStore|iPhoneSimulator.ActiveCfg = Release|Any CPU
		{D2A19AFC-8645-4F5D-8663-824AB4F5FBA4}.AppStore|iPhoneSimulator.Build.0 = Release|Any CPU
		{D2A19AFC-8645-4F5D-8663-824AB4F5FBA4}.Debug|Any CPU.ActiveCfg = Debug|Any CPU
		{D2A19AFC-8645-4F5D-8663-824AB4F5FBA4}.Debug|Any CPU.Build.0 = Debug|Any CPU
		{D2A19AFC-8645-4F5D-8663-824AB4F5FBA4}.Debug|iPhone.ActiveCfg = Debug|Any CPU
		{D2A19AFC-8645-4F5D-8663-824AB4F5FBA4}.Debug|iPhone.Build.0 = Debug|Any CPU
		{D2A19AFC-8645-4F5D-8663-824AB4F5FBA4}.Debug|iPhoneSimulator.ActiveCfg = Debug|Any CPU
		{D2A19AFC-8645-4F5D-8663-824AB4F5FBA4}.Debug|iPhoneSimulator.Build.0 = Debug|Any CPU
		{D2A19AFC-8645-4F5D-8663-824AB4F5FBA4}.Release|Any CPU.ActiveCfg = Release|Any CPU
		{D2A19AFC-8645-4F5D-8663-824AB4F5FBA4}.Release|Any CPU.Build.0 = Release|Any CPU
		{D2A19AFC-8645-4F5D-8663-824AB4F5FBA4}.Release|iPhone.ActiveCfg = Release|Any CPU
		{D2A19AFC-8645-4F5D-8663-824AB4F5FBA4}.Release|iPhone.Build.0 = Release|Any CPU
		{D2A19AFC-8645-4F5D-8663-824AB4F5FBA4}.Release|iPhoneSimulator.ActiveCfg = Release|Any CPU
		{D2A19AFC-8645-4F5D-8663-824AB4F5FBA4}.Release|iPhoneSimulator.Build.0 = Release|Any CPU
		{4F625DEB-8AA0-4E22-89EF-3AAC870DE966}.Ad-Hoc|Any CPU.ActiveCfg = Release|Any CPU
		{4F625DEB-8AA0-4E22-89EF-3AAC870DE966}.Ad-Hoc|Any CPU.Build.0 = Release|Any CPU
		{4F625DEB-8AA0-4E22-89EF-3AAC870DE966}.Ad-Hoc|iPhone.ActiveCfg = Release|Any CPU
		{4F625DEB-8AA0-4E22-89EF-3AAC870DE966}.Ad-Hoc|iPhone.Build.0 = Release|Any CPU
		{4F625DEB-8AA0-4E22-89EF-3AAC870DE966}.Ad-Hoc|iPhoneSimulator.ActiveCfg = Release|Any CPU
		{4F625DEB-8AA0-4E22-89EF-3AAC870DE966}.Ad-Hoc|iPhoneSimulator.Build.0 = Release|Any CPU
		{4F625DEB-8AA0-4E22-89EF-3AAC870DE966}.AppStore|Any CPU.ActiveCfg = Release|Any CPU
		{4F625DEB-8AA0-4E22-89EF-3AAC870DE966}.AppStore|Any CPU.Build.0 = Release|Any CPU
		{4F625DEB-8AA0-4E22-89EF-3AAC870DE966}.AppStore|iPhone.ActiveCfg = Release|Any CPU
		{4F625DEB-8AA0-4E22-89EF-3AAC870DE966}.AppStore|iPhone.Build.0 = Release|Any CPU
		{4F625DEB-8AA0-4E22-89EF-3AAC870DE966}.AppStore|iPhoneSimulator.ActiveCfg = Release|Any CPU
		{4F625DEB-8AA0-4E22-89EF-3AAC870DE966}.AppStore|iPhoneSimulator.Build.0 = Release|Any CPU
		{4F625DEB-8AA0-4E22-89EF-3AAC870DE966}.Debug|Any CPU.ActiveCfg = Debug|Any CPU
		{4F625DEB-8AA0-4E22-89EF-3AAC870DE966}.Debug|Any CPU.Build.0 = Debug|Any CPU
		{4F625DEB-8AA0-4E22-89EF-3AAC870DE966}.Debug|iPhone.ActiveCfg = Debug|Any CPU
		{4F625DEB-8AA0-4E22-89EF-3AAC870DE966}.Debug|iPhone.Build.0 = Debug|Any CPU
		{4F625DEB-8AA0-4E22-89EF-3AAC870DE966}.Debug|iPhoneSimulator.ActiveCfg = Debug|Any CPU
		{4F625DEB-8AA0-4E22-89EF-3AAC870DE966}.Debug|iPhoneSimulator.Build.0 = Debug|Any CPU
		{4F625DEB-8AA0-4E22-89EF-3AAC870DE966}.Release|Any CPU.ActiveCfg = Release|Any CPU
		{4F625DEB-8AA0-4E22-89EF-3AAC870DE966}.Release|Any CPU.Build.0 = Release|Any CPU
		{4F625DEB-8AA0-4E22-89EF-3AAC870DE966}.Release|iPhone.ActiveCfg = Release|Any CPU
		{4F625DEB-8AA0-4E22-89EF-3AAC870DE966}.Release|iPhone.Build.0 = Release|Any CPU
		{4F625DEB-8AA0-4E22-89EF-3AAC870DE966}.Release|iPhoneSimulator.ActiveCfg = Release|Any CPU
		{4F625DEB-8AA0-4E22-89EF-3AAC870DE966}.Release|iPhoneSimulator.Build.0 = Release|Any CPU
		{14446983-6098-4D21-8747-8C566B1C2D36}.Ad-Hoc|Any CPU.ActiveCfg = Debug|Any CPU
		{14446983-6098-4D21-8747-8C566B1C2D36}.Ad-Hoc|Any CPU.Build.0 = Debug|Any CPU
		{14446983-6098-4D21-8747-8C566B1C2D36}.Ad-Hoc|iPhone.ActiveCfg = Debug|Any CPU
		{14446983-6098-4D21-8747-8C566B1C2D36}.Ad-Hoc|iPhone.Build.0 = Debug|Any CPU
		{14446983-6098-4D21-8747-8C566B1C2D36}.Ad-Hoc|iPhoneSimulator.ActiveCfg = Debug|Any CPU
		{14446983-6098-4D21-8747-8C566B1C2D36}.Ad-Hoc|iPhoneSimulator.Build.0 = Debug|Any CPU
		{14446983-6098-4D21-8747-8C566B1C2D36}.AppStore|Any CPU.ActiveCfg = Debug|Any CPU
		{14446983-6098-4D21-8747-8C566B1C2D36}.AppStore|Any CPU.Build.0 = Debug|Any CPU
		{14446983-6098-4D21-8747-8C566B1C2D36}.AppStore|iPhone.ActiveCfg = Debug|Any CPU
		{14446983-6098-4D21-8747-8C566B1C2D36}.AppStore|iPhone.Build.0 = Debug|Any CPU
		{14446983-6098-4D21-8747-8C566B1C2D36}.AppStore|iPhoneSimulator.ActiveCfg = Debug|Any CPU
		{14446983-6098-4D21-8747-8C566B1C2D36}.AppStore|iPhoneSimulator.Build.0 = Debug|Any CPU
		{14446983-6098-4D21-8747-8C566B1C2D36}.Debug|Any CPU.ActiveCfg = Debug|Any CPU
		{14446983-6098-4D21-8747-8C566B1C2D36}.Debug|Any CPU.Build.0 = Debug|Any CPU
		{14446983-6098-4D21-8747-8C566B1C2D36}.Debug|iPhone.ActiveCfg = Debug|Any CPU
		{14446983-6098-4D21-8747-8C566B1C2D36}.Debug|iPhone.Build.0 = Debug|Any CPU
		{14446983-6098-4D21-8747-8C566B1C2D36}.Debug|iPhoneSimulator.ActiveCfg = Debug|Any CPU
		{14446983-6098-4D21-8747-8C566B1C2D36}.Debug|iPhoneSimulator.Build.0 = Debug|Any CPU
		{14446983-6098-4D21-8747-8C566B1C2D36}.Release|Any CPU.ActiveCfg = Release|Any CPU
		{14446983-6098-4D21-8747-8C566B1C2D36}.Release|Any CPU.Build.0 = Release|Any CPU
		{14446983-6098-4D21-8747-8C566B1C2D36}.Release|iPhone.ActiveCfg = Release|Any CPU
		{14446983-6098-4D21-8747-8C566B1C2D36}.Release|iPhone.Build.0 = Release|Any CPU
		{14446983-6098-4D21-8747-8C566B1C2D36}.Release|iPhoneSimulator.ActiveCfg = Release|Any CPU
		{14446983-6098-4D21-8747-8C566B1C2D36}.Release|iPhoneSimulator.Build.0 = Release|Any CPU
		{8F5AE278-67F5-4053-AFAC-4A4711A092D2}.Ad-Hoc|Any CPU.ActiveCfg = Release|Any CPU
		{8F5AE278-67F5-4053-AFAC-4A4711A092D2}.Ad-Hoc|Any CPU.Build.0 = Release|Any CPU
		{8F5AE278-67F5-4053-AFAC-4A4711A092D2}.Ad-Hoc|Any CPU.Deploy.0 = Release|Any CPU
		{8F5AE278-67F5-4053-AFAC-4A4711A092D2}.Ad-Hoc|iPhone.ActiveCfg = Release|Any CPU
		{8F5AE278-67F5-4053-AFAC-4A4711A092D2}.Ad-Hoc|iPhone.Build.0 = Release|Any CPU
		{8F5AE278-67F5-4053-AFAC-4A4711A092D2}.Ad-Hoc|iPhone.Deploy.0 = Release|Any CPU
		{8F5AE278-67F5-4053-AFAC-4A4711A092D2}.Ad-Hoc|iPhoneSimulator.ActiveCfg = Release|Any CPU
		{8F5AE278-67F5-4053-AFAC-4A4711A092D2}.Ad-Hoc|iPhoneSimulator.Build.0 = Release|Any CPU
		{8F5AE278-67F5-4053-AFAC-4A4711A092D2}.Ad-Hoc|iPhoneSimulator.Deploy.0 = Release|Any CPU
		{8F5AE278-67F5-4053-AFAC-4A4711A092D2}.AppStore|Any CPU.ActiveCfg = Release|Any CPU
		{8F5AE278-67F5-4053-AFAC-4A4711A092D2}.AppStore|Any CPU.Build.0 = Release|Any CPU
		{8F5AE278-67F5-4053-AFAC-4A4711A092D2}.AppStore|Any CPU.Deploy.0 = Release|Any CPU
		{8F5AE278-67F5-4053-AFAC-4A4711A092D2}.AppStore|iPhone.ActiveCfg = Release|Any CPU
		{8F5AE278-67F5-4053-AFAC-4A4711A092D2}.AppStore|iPhone.Build.0 = Release|Any CPU
		{8F5AE278-67F5-4053-AFAC-4A4711A092D2}.AppStore|iPhone.Deploy.0 = Release|Any CPU
		{8F5AE278-67F5-4053-AFAC-4A4711A092D2}.AppStore|iPhoneSimulator.ActiveCfg = Release|Any CPU
		{8F5AE278-67F5-4053-AFAC-4A4711A092D2}.AppStore|iPhoneSimulator.Build.0 = Release|Any CPU
		{8F5AE278-67F5-4053-AFAC-4A4711A092D2}.AppStore|iPhoneSimulator.Deploy.0 = Release|Any CPU
		{8F5AE278-67F5-4053-AFAC-4A4711A092D2}.Debug|Any CPU.ActiveCfg = Debug|Any CPU
		{8F5AE278-67F5-4053-AFAC-4A4711A092D2}.Debug|Any CPU.Build.0 = Debug|Any CPU
		{8F5AE278-67F5-4053-AFAC-4A4711A092D2}.Debug|Any CPU.Deploy.0 = Debug|Any CPU
		{8F5AE278-67F5-4053-AFAC-4A4711A092D2}.Debug|iPhone.ActiveCfg = Debug|Any CPU
		{8F5AE278-67F5-4053-AFAC-4A4711A092D2}.Debug|iPhone.Build.0 = Debug|Any CPU
		{8F5AE278-67F5-4053-AFAC-4A4711A092D2}.Debug|iPhone.Deploy.0 = Debug|Any CPU
		{8F5AE278-67F5-4053-AFAC-4A4711A092D2}.Debug|iPhoneSimulator.ActiveCfg = Debug|Any CPU
		{8F5AE278-67F5-4053-AFAC-4A4711A092D2}.Debug|iPhoneSimulator.Build.0 = Debug|Any CPU
		{8F5AE278-67F5-4053-AFAC-4A4711A092D2}.Debug|iPhoneSimulator.Deploy.0 = Debug|Any CPU
		{8F5AE278-67F5-4053-AFAC-4A4711A092D2}.Release|Any CPU.ActiveCfg = Release|Any CPU
		{8F5AE278-67F5-4053-AFAC-4A4711A092D2}.Release|Any CPU.Build.0 = Release|Any CPU
		{8F5AE278-67F5-4053-AFAC-4A4711A092D2}.Release|Any CPU.Deploy.0 = Release|Any CPU
		{8F5AE278-67F5-4053-AFAC-4A4711A092D2}.Release|iPhone.ActiveCfg = Release|Any CPU
		{8F5AE278-67F5-4053-AFAC-4A4711A092D2}.Release|iPhone.Build.0 = Release|Any CPU
		{8F5AE278-67F5-4053-AFAC-4A4711A092D2}.Release|iPhone.Deploy.0 = Release|Any CPU
		{8F5AE278-67F5-4053-AFAC-4A4711A092D2}.Release|iPhoneSimulator.ActiveCfg = Release|Any CPU
		{8F5AE278-67F5-4053-AFAC-4A4711A092D2}.Release|iPhoneSimulator.Build.0 = Release|Any CPU
		{8F5AE278-67F5-4053-AFAC-4A4711A092D2}.Release|iPhoneSimulator.Deploy.0 = Release|Any CPU
		{4AE959FF-877B-4C02-B014-0F137A05CC8F}.Ad-Hoc|Any CPU.ActiveCfg = Ad-Hoc|iPhone
		{4AE959FF-877B-4C02-B014-0F137A05CC8F}.Ad-Hoc|iPhone.ActiveCfg = Ad-Hoc|iPhone
		{4AE959FF-877B-4C02-B014-0F137A05CC8F}.Ad-Hoc|iPhone.Build.0 = Ad-Hoc|iPhone
		{4AE959FF-877B-4C02-B014-0F137A05CC8F}.Ad-Hoc|iPhoneSimulator.ActiveCfg = Ad-Hoc|iPhoneSimulator
		{4AE959FF-877B-4C02-B014-0F137A05CC8F}.Ad-Hoc|iPhoneSimulator.Build.0 = Ad-Hoc|iPhoneSimulator
		{4AE959FF-877B-4C02-B014-0F137A05CC8F}.AppStore|Any CPU.ActiveCfg = AppStore|iPhone
		{4AE959FF-877B-4C02-B014-0F137A05CC8F}.AppStore|iPhone.ActiveCfg = AppStore|iPhone
		{4AE959FF-877B-4C02-B014-0F137A05CC8F}.AppStore|iPhone.Build.0 = AppStore|iPhone
		{4AE959FF-877B-4C02-B014-0F137A05CC8F}.AppStore|iPhoneSimulator.ActiveCfg = AppStore|iPhoneSimulator
		{4AE959FF-877B-4C02-B014-0F137A05CC8F}.AppStore|iPhoneSimulator.Build.0 = AppStore|iPhoneSimulator
		{4AE959FF-877B-4C02-B014-0F137A05CC8F}.Debug|Any CPU.ActiveCfg = Debug|iPhone
		{4AE959FF-877B-4C02-B014-0F137A05CC8F}.Debug|iPhone.ActiveCfg = Debug|iPhone
		{4AE959FF-877B-4C02-B014-0F137A05CC8F}.Debug|iPhone.Build.0 = Debug|iPhone
		{4AE959FF-877B-4C02-B014-0F137A05CC8F}.Debug|iPhoneSimulator.ActiveCfg = Debug|iPhoneSimulator
		{4AE959FF-877B-4C02-B014-0F137A05CC8F}.Debug|iPhoneSimulator.Build.0 = Debug|iPhoneSimulator
		{4AE959FF-877B-4C02-B014-0F137A05CC8F}.Release|Any CPU.ActiveCfg = Release|iPhone
		{4AE959FF-877B-4C02-B014-0F137A05CC8F}.Release|iPhone.ActiveCfg = Release|iPhone
		{4AE959FF-877B-4C02-B014-0F137A05CC8F}.Release|iPhone.Build.0 = Release|iPhone
		{4AE959FF-877B-4C02-B014-0F137A05CC8F}.Release|iPhoneSimulator.ActiveCfg = Release|iPhoneSimulator
		{4AE959FF-877B-4C02-B014-0F137A05CC8F}.Release|iPhoneSimulator.Build.0 = Release|iPhoneSimulator
		{C66A5519-9493-4B2B-A20C-8E41E29C852B}.Ad-Hoc|Any CPU.ActiveCfg = Release|Any CPU
		{C66A5519-9493-4B2B-A20C-8E41E29C852B}.Ad-Hoc|Any CPU.Build.0 = Release|Any CPU
		{C66A5519-9493-4B2B-A20C-8E41E29C852B}.Ad-Hoc|iPhone.ActiveCfg = Release|Any CPU
		{C66A5519-9493-4B2B-A20C-8E41E29C852B}.Ad-Hoc|iPhone.Build.0 = Release|Any CPU
		{C66A5519-9493-4B2B-A20C-8E41E29C852B}.Ad-Hoc|iPhoneSimulator.ActiveCfg = Release|Any CPU
		{C66A5519-9493-4B2B-A20C-8E41E29C852B}.Ad-Hoc|iPhoneSimulator.Build.0 = Release|Any CPU
		{C66A5519-9493-4B2B-A20C-8E41E29C852B}.AppStore|Any CPU.ActiveCfg = Release|Any CPU
		{C66A5519-9493-4B2B-A20C-8E41E29C852B}.AppStore|Any CPU.Build.0 = Release|Any CPU
		{C66A5519-9493-4B2B-A20C-8E41E29C852B}.AppStore|iPhone.ActiveCfg = Release|Any CPU
		{C66A5519-9493-4B2B-A20C-8E41E29C852B}.AppStore|iPhone.Build.0 = Release|Any CPU
		{C66A5519-9493-4B2B-A20C-8E41E29C852B}.AppStore|iPhoneSimulator.ActiveCfg = Release|Any CPU
		{C66A5519-9493-4B2B-A20C-8E41E29C852B}.AppStore|iPhoneSimulator.Build.0 = Release|Any CPU
		{C66A5519-9493-4B2B-A20C-8E41E29C852B}.Debug|Any CPU.ActiveCfg = Debug|Any CPU
		{C66A5519-9493-4B2B-A20C-8E41E29C852B}.Debug|Any CPU.Build.0 = Debug|Any CPU
		{C66A5519-9493-4B2B-A20C-8E41E29C852B}.Debug|iPhone.ActiveCfg = Debug|Any CPU
		{C66A5519-9493-4B2B-A20C-8E41E29C852B}.Debug|iPhone.Build.0 = Debug|Any CPU
		{C66A5519-9493-4B2B-A20C-8E41E29C852B}.Debug|iPhoneSimulator.ActiveCfg = Debug|Any CPU
		{C66A5519-9493-4B2B-A20C-8E41E29C852B}.Debug|iPhoneSimulator.Build.0 = Debug|Any CPU
		{C66A5519-9493-4B2B-A20C-8E41E29C852B}.Release|Any CPU.ActiveCfg = Release|Any CPU
		{C66A5519-9493-4B2B-A20C-8E41E29C852B}.Release|Any CPU.Build.0 = Release|Any CPU
		{C66A5519-9493-4B2B-A20C-8E41E29C852B}.Release|iPhone.ActiveCfg = Release|Any CPU
		{C66A5519-9493-4B2B-A20C-8E41E29C852B}.Release|iPhone.Build.0 = Release|Any CPU
		{C66A5519-9493-4B2B-A20C-8E41E29C852B}.Release|iPhoneSimulator.ActiveCfg = Release|Any CPU
		{C66A5519-9493-4B2B-A20C-8E41E29C852B}.Release|iPhoneSimulator.Build.0 = Release|Any CPU
	EndGlobalSection
	GlobalSection(SolutionProperties) = preSolution
		HideSolutionNode = FALSE
	EndGlobalSection
	GlobalSection(NestedProjects) = preSolution
		{BB9C0929-F674-408E-9A1A-C58334248E7A} = {5A3A84E0-8C34-451D-8ECE-8DEBDE47EA7B}
		{E71F3053-056C-4381-9638-048ED73BDFF6} = {5A3A84E0-8C34-451D-8ECE-8DEBDE47EA7B}
		{D2A19AFC-8645-4F5D-8663-824AB4F5FBA4} = {5A3A84E0-8C34-451D-8ECE-8DEBDE47EA7B}
		{4F625DEB-8AA0-4E22-89EF-3AAC870DE966} = {5A3A84E0-8C34-451D-8ECE-8DEBDE47EA7B}
		{14446983-6098-4D21-8747-8C566B1C2D36} = {F65B612A-CDFE-497D-BF25-59C0F411A499}
		{8F5AE278-67F5-4053-AFAC-4A4711A092D2} = {F65B612A-CDFE-497D-BF25-59C0F411A499}
		{4AE959FF-877B-4C02-B014-0F137A05CC8F} = {F65B612A-CDFE-497D-BF25-59C0F411A499}
		{C66A5519-9493-4B2B-A20C-8E41E29C852B} = {F65B612A-CDFE-497D-BF25-59C0F411A499}
	EndGlobalSection
	GlobalSection(ExtensibilityGlobals) = postSolution
		SolutionGuid = {C7CED839-99C7-45BF-B18F-57A063773A76}
	EndGlobalSection
EndGlobal
